
Microsoft Visual Studio Solution File, Format Version 12.00
Project("{FAE04EC0-301F-11D3-BF4B-00C04F79EFBC}") = "Excersise1", "Excersise1\Excersise1.csproj", "{B07D965A-78E7-49CB-80CC-6FBB22A0F202}"
EndProject
Project("{FAE04EC0-301F-11D3-BF4B-00C04F79EFBC}") = "Excersise2", "Excersise2\Excersise2.csproj", "{B9287205-94FD-47F8-9500-5590EDCD6446}"
EndProject
Project("{FAE04EC0-301F-11D3-BF4B-00C04F79EFBC}") = "Excersise3", "Excersise3\Excersise3.csproj", "{6C1BC12F-15FA-4ED0-94A2-F098BC406C87}"
EndProject
Project("{FAE04EC0-301F-11D3-BF4B-00C04F79EFBC}") = "Excersise4", "Excersise4\Excersise4.csproj", "{087EBE4C-48CC-429C-9C11-5FC5D6656A47}"
EndProject
Project("{FAE04EC0-301F-11D3-BF4B-00C04F79EFBC}") = "Excersise5", "Excersise5\Excersise5.csproj", "{28AB99EF-7A05-4AAE-9893-F2CE05F60E01}"
EndProject
Global
	GlobalSection(SolutionConfigurationPlatforms) = preSolution
		Debug|Any CPU = Debug|Any CPU
		Release|Any CPU = Release|Any CPU
	EndGlobalSection
	GlobalSection(ProjectConfigurationPlatforms) = postSolution
		{B07D965A-78E7-49CB-80CC-6FBB22A0F202}.Debug|Any CPU.ActiveCfg = Debug|Any CPU
		{B07D965A-78E7-49CB-80CC-6FBB22A0F202}.Debug|Any CPU.Build.0 = Debug|Any CPU
		{B07D965A-78E7-49CB-80CC-6FBB22A0F202}.Release|Any CPU.ActiveCfg = Release|Any CPU
		{B07D965A-78E7-49CB-80CC-6FBB22A0F202}.Release|Any CPU.Build.0 = Release|Any CPU
		{B9287205-94FD-47F8-9500-5590EDCD6446}.Debug|Any CPU.ActiveCfg = Debug|Any CPU
		{B9287205-94FD-47F8-9500-5590EDCD6446}.Debug|Any CPU.Build.0 = Debug|Any CPU
		{B9287205-94FD-47F8-9500-5590EDCD6446}.Release|Any CPU.ActiveCfg = Release|Any CPU
		{B9287205-94FD-47F8-9500-5590EDCD6446}.Release|Any CPU.Build.0 = Release|Any CPU
		{6C1BC12F-15FA-4ED0-94A2-F098BC406C87}.Debug|Any CPU.ActiveCfg = Debug|Any CPU
		{6C1BC12F-15FA-4ED0-94A2-F098BC406C87}.Debug|Any CPU.Build.0 = Debug|Any CPU
		{6C1BC12F-15FA-4ED0-94A2-F098BC406C87}.Release|Any CPU.ActiveCfg = Release|Any CPU
		{6C1BC12F-15FA-4ED0-94A2-F098BC406C87}.Release|Any CPU.Build.0 = Release|Any CPU
		{087EBE4C-48CC-429C-9C11-5FC5D6656A47}.Debug|Any CPU.ActiveCfg = Debug|Any CPU
		{087EBE4C-48CC-429C-9C11-5FC5D6656A47}.Debug|Any CPU.Build.0 = Debug|Any CPU
		{087EBE4C-48CC-429C-9C11-5FC5D6656A47}.Release|Any CPU.ActiveCfg = Release|Any CPU
		{087EBE4C-48CC-429C-9C11-5FC5D6656A47}.Release|Any CPU.Build.0 = Release|Any CPU
		{28AB99EF-7A05-4AAE-9893-F2CE05F60E01}.Debug|Any CPU.ActiveCfg = Debug|Any CPU
		{28AB99EF-7A05-4AAE-9893-F2CE05F60E01}.Debug|Any CPU.Build.0 = Debug|Any CPU
		{28AB99EF-7A05-4AAE-9893-F2CE05F60E01}.Release|Any CPU.ActiveCfg = Release|Any CPU
		{28AB99EF-7A05-4AAE-9893-F2CE05F60E01}.Release|Any CPU.Build.0 = Release|Any CPU
	EndGlobalSection
EndGlobal
